
Microsoft Visual Studio Solution File, Format Version 12.00
# Visual Studio Version 16
VisualStudioVersion = 16.0.30011.22
MinimumVisualStudioVersion = 10.0.40219.1
Project("{FAE04EC0-301F-11D3-BF4B-00C04F79EFBC}") = "ВД50-1-18 Балыкин А.С", "ВД50-1-18 Балыкин А.С.\ВД50-1-18 Балыкин А.С.csproj", "{5370DB4F-F397-4F3E-B969-AC6FB047CD3A}"
EndProject
Global
	GlobalSection(SolutionConfigurationPlatforms) = preSolution
		Debug|Any CPU = Debug|Any CPU
		Release|Any CPU = Release|Any CPU
	EndGlobalSection
	GlobalSection(ProjectConfigurationPlatforms) = postSolution
		{5370DB4F-F397-4F3E-B969-AC6FB047CD3A}.Debug|Any CPU.ActiveCfg = Debug|Any CPU
		{5370DB4F-F397-4F3E-B969-AC6FB047CD3A}.Debug|Any CPU.Build.0 = Debug|Any CPU
		{5370DB4F-F397-4F3E-B969-AC6FB047CD3A}.Release|Any CPU.ActiveCfg = Release|Any CPU
		{5370DB4F-F397-4F3E-B969-AC6FB047CD3A}.Release|Any CPU.Build.0 = Release|Any CPU
	EndGlobalSection
	GlobalSection(SolutionProperties) = preSolution
		HideSolutionNode = FALSE
	EndGlobalSection
	GlobalSection(ExtensibilityGlobals) = postSolution
		SolutionGuid = {45CCD9E9-DE9E-4CD7-9D14-DFC8C84204A4}
	EndGlobalSection
EndGlobal
